
Microsoft Visual Studio Solution File, Format Version 12.00
Project("{2150E333-8FDC-42A3-9474-1A3956D46DE8}") = "AuthApi", "AuthApi", "{FF90B18E-80C7-4F6E-9C05-69A858CF4718}"
EndProject
Project("{FAE04EC0-301F-11D3-BF4B-00C04F79EFBC}") = "AuthApi.Application", "AuthApi.Application\AuthApi.Application.csproj", "{824EAA3F-1695-446D-99F9-08E5CFB64EB2}"
EndProject
Project("{FAE04EC0-301F-11D3-BF4B-00C04F79EFBC}") = "AuthApi.Contracts", "AuthApi.Contracts\AuthApi.Contracts.csproj", "{7A1D6F05-18A7-456F-B864-35F543C13BFE}"
EndProject
Project("{FAE04EC0-301F-11D3-BF4B-00C04F79EFBC}") = "AuthApi.Data", "AuthApi.Data\AuthApi.Data.csproj", "{7FD47EAD-1B21-4948-934B-68CDF98B0515}"
EndProject
Project("{FAE04EC0-301F-11D3-BF4B-00C04F79EFBC}") = "AuthApi.Infrastructure", "AuthApi.Infrastructure\AuthApi.Infrastructure.csproj", "{C62AE5DA-59FE-4957-AAEC-8F5F7024690D}"
EndProject
Project("{FAE04EC0-301F-11D3-BF4B-00C04F79EFBC}") = "AuthApi.Presentation", "AuthApi.Presentation\AuthApi.Presentation.csproj", "{4AD18F4B-3AC2-46C6-81A4-32A1466EECB4}"
EndProject
Global
	GlobalSection(SolutionConfigurationPlatforms) = preSolution
		Debug|Any CPU = Debug|Any CPU
		Release|Any CPU = Release|Any CPU
	EndGlobalSection
	GlobalSection(ProjectConfigurationPlatforms) = postSolution
		{824EAA3F-1695-446D-99F9-08E5CFB64EB2}.Debug|Any CPU.ActiveCfg = Debug|Any CPU
		{824EAA3F-1695-446D-99F9-08E5CFB64EB2}.Debug|Any CPU.Build.0 = Debug|Any CPU
		{824EAA3F-1695-446D-99F9-08E5CFB64EB2}.Release|Any CPU.ActiveCfg = Release|Any CPU
		{824EAA3F-1695-446D-99F9-08E5CFB64EB2}.Release|Any CPU.Build.0 = Release|Any CPU
		{7A1D6F05-18A7-456F-B864-35F543C13BFE}.Debug|Any CPU.ActiveCfg = Debug|Any CPU
		{7A1D6F05-18A7-456F-B864-35F543C13BFE}.Debug|Any CPU.Build.0 = Debug|Any CPU
		{7A1D6F05-18A7-456F-B864-35F543C13BFE}.Release|Any CPU.ActiveCfg = Release|Any CPU
		{7A1D6F05-18A7-456F-B864-35F543C13BFE}.Release|Any CPU.Build.0 = Release|Any CPU
		{7FD47EAD-1B21-4948-934B-68CDF98B0515}.Debug|Any CPU.ActiveCfg = Debug|Any CPU
		{7FD47EAD-1B21-4948-934B-68CDF98B0515}.Debug|Any CPU.Build.0 = Debug|Any CPU
		{7FD47EAD-1B21-4948-934B-68CDF98B0515}.Release|Any CPU.ActiveCfg = Release|Any CPU
		{7FD47EAD-1B21-4948-934B-68CDF98B0515}.Release|Any CPU.Build.0 = Release|Any CPU
		{C62AE5DA-59FE-4957-AAEC-8F5F7024690D}.Debug|Any CPU.ActiveCfg = Debug|Any CPU
		{C62AE5DA-59FE-4957-AAEC-8F5F7024690D}.Debug|Any CPU.Build.0 = Debug|Any CPU
		{C62AE5DA-59FE-4957-AAEC-8F5F7024690D}.Release|Any CPU.ActiveCfg = Release|Any CPU
		{C62AE5DA-59FE-4957-AAEC-8F5F7024690D}.Release|Any CPU.Build.0 = Release|Any CPU
		{4AD18F4B-3AC2-46C6-81A4-32A1466EECB4}.Debug|Any CPU.ActiveCfg = Debug|Any CPU
		{4AD18F4B-3AC2-46C6-81A4-32A1466EECB4}.Debug|Any CPU.Build.0 = Debug|Any CPU
		{4AD18F4B-3AC2-46C6-81A4-32A1466EECB4}.Release|Any CPU.ActiveCfg = Release|Any CPU
		{4AD18F4B-3AC2-46C6-81A4-32A1466EECB4}.Release|Any CPU.Build.0 = Release|Any CPU
	EndGlobalSection
	GlobalSection(NestedProjects) = preSolution
		{824EAA3F-1695-446D-99F9-08E5CFB64EB2} = {FF90B18E-80C7-4F6E-9C05-69A858CF4718}
		{7A1D6F05-18A7-456F-B864-35F543C13BFE} = {FF90B18E-80C7-4F6E-9C05-69A858CF4718}
		{7FD47EAD-1B21-4948-934B-68CDF98B0515} = {FF90B18E-80C7-4F6E-9C05-69A858CF4718}
		{C62AE5DA-59FE-4957-AAEC-8F5F7024690D} = {FF90B18E-80C7-4F6E-9C05-69A858CF4718}
		{4AD18F4B-3AC2-46C6-81A4-32A1466EECB4} = {FF90B18E-80C7-4F6E-9C05-69A858CF4718}
	EndGlobalSection
EndGlobal
